
Microsoft Visual Studio Solution File, Format Version 12.00
# Visual Studio Version 17
VisualStudioVersion = 17.12.35707.178 d17.12
MinimumVisualStudioVersion = 10.0.40219.1
Project("{FAE04EC0-301F-11D3-BF4B-00C04F79EFBC}") = "Application", "Application\Application.csproj", "{C4F4FEA7-CEC5-4505-B504-6EBB532BE37D}"
EndProject
Project("{FAE04EC0-301F-11D3-BF4B-00C04F79EFBC}") = "Domain", "Domain\Domain.csproj", "{FD6786F0-B445-4BD6-8916-EFBA175D8A0D}"
EndProject
Project("{FAE04EC0-301F-11D3-BF4B-00C04F79EFBC}") = "Infrastructure", "Infrastructure\Infrastructure.csproj", "{0A0B6ECE-AFB2-43DE-959D-51F7344B5D62}"
EndProject
Project("{FAE04EC0-301F-11D3-BF4B-00C04F79EFBC}") = "Api", "Api\Api.csproj", "{1476D205-2366-4E6D-806A-6C44C76DA75B}"
EndProject
Global
	GlobalSection(SolutionConfigurationPlatforms) = preSolution
		Debug|Any CPU = Debug|Any CPU
		Release|Any CPU = Release|Any CPU
	EndGlobalSection
	GlobalSection(ProjectConfigurationPlatforms) = postSolution
		{C4F4FEA7-CEC5-4505-B504-6EBB532BE37D}.Debug|Any CPU.ActiveCfg = Debug|Any CPU
		{C4F4FEA7-CEC5-4505-B504-6EBB532BE37D}.Debug|Any CPU.Build.0 = Debug|Any CPU
		{C4F4FEA7-CEC5-4505-B504-6EBB532BE37D}.Release|Any CPU.ActiveCfg = Release|Any CPU
		{C4F4FEA7-CEC5-4505-B504-6EBB532BE37D}.Release|Any CPU.Build.0 = Release|Any CPU
		{FD6786F0-B445-4BD6-8916-EFBA175D8A0D}.Debug|Any CPU.ActiveCfg = Debug|Any CPU
		{FD6786F0-B445-4BD6-8916-EFBA175D8A0D}.Debug|Any CPU.Build.0 = Debug|Any CPU
		{FD6786F0-B445-4BD6-8916-EFBA175D8A0D}.Release|Any CPU.ActiveCfg = Release|Any CPU
		{FD6786F0-B445-4BD6-8916-EFBA175D8A0D}.Release|Any CPU.Build.0 = Release|Any CPU
		{0A0B6ECE-AFB2-43DE-959D-51F7344B5D62}.Debug|Any CPU.ActiveCfg = Debug|Any CPU
		{0A0B6ECE-AFB2-43DE-959D-51F7344B5D62}.Debug|Any CPU.Build.0 = Debug|Any CPU
		{0A0B6ECE-AFB2-43DE-959D-51F7344B5D62}.Release|Any CPU.ActiveCfg = Release|Any CPU
		{0A0B6ECE-AFB2-43DE-959D-51F7344B5D62}.Release|Any CPU.Build.0 = Release|Any CPU
		{1476D205-2366-4E6D-806A-6C44C76DA75B}.Debug|Any CPU.ActiveCfg = Debug|Any CPU
		{1476D205-2366-4E6D-806A-6C44C76DA75B}.Debug|Any CPU.Build.0 = Debug|Any CPU
		{1476D205-2366-4E6D-806A-6C44C76DA75B}.Release|Any CPU.ActiveCfg = Release|Any CPU
		{1476D205-2366-4E6D-806A-6C44C76DA75B}.Release|Any CPU.Build.0 = Release|Any CPU
	EndGlobalSection
	GlobalSection(SolutionProperties) = preSolution
		HideSolutionNode = FALSE
	EndGlobalSection
EndGlobal
